// !$*UTF8*$!
{
	archiveVersion = 1;
	classes = {
	};
	objectVersion = 50;
	objects = {

/* Begin PBXBuildFile section */
		ED129722250706DA0016AE55 /* AppDelegate.swift in Sources */ = {isa = PBXBuildFile; fileRef = ED129721250706DA0016AE55 /* AppDelegate.swift */; };
		ED129724250706DA0016AE55 /* SceneDelegate.swift in Sources */ = {isa = PBXBuildFile; fileRef = ED129723250706DA0016AE55 /* SceneDelegate.swift */; };
		ED129726250706DA0016AE55 /* ViewController.swift in Sources */ = {isa = PBXBuildFile; fileRef = ED129725250706DA0016AE55 /* ViewController.swift */; };
		ED129729250706DA0016AE55 /* Main.storyboard in Resources */ = {isa = PBXBuildFile; fileRef = ED129727250706DA0016AE55 /* Main.storyboard */; };
		ED12972B250706DC0016AE55 /* Assets.xcassets in Resources */ = {isa = PBXBuildFile; fileRef = ED12972A250706DC0016AE55 /* Assets.xcassets */; };
		ED12972E250706DC0016AE55 /* LaunchScreen.storyboard in Resources */ = {isa = PBXBuildFile; fileRef = ED12972C250706DC0016AE55 /* LaunchScreen.storyboard */; };
		ED129739250706DC0016AE55 /* tipTests.swift in Sources */ = {isa = PBXBuildFile; fileRef = ED129738250706DC0016AE55 /* tipTests.swift */; };
		ED129744250706DC0016AE55 /* tipUITests.swift in Sources */ = {isa = PBXBuildFile; fileRef = ED129743250706DC0016AE55 /* tipUITests.swift */; };
/* End PBXBuildFile section */

/* Begin PBXContainerItemProxy section */
		ED129735250706DC0016AE55 /* PBXContainerItemProxy */ = {
			isa = PBXContainerItemProxy;
			containerPortal = ED129716250706DA0016AE55 /* Project object */;
			proxyType = 1;
			remoteGlobalIDString = ED12971D250706DA0016AE55;
			remoteInfo = tip;
		};
		ED129740250706DC0016AE55 /* PBXContainerItemProxy */ = {
			isa = PBXContainerItemProxy;
			containerPortal = ED129716250706DA0016AE55 /* Project object */;
			proxyType = 1;
			remoteGlobalIDString = ED12971D250706DA0016AE55;
			remoteInfo = tip;
		};
/* End PBXContainerItemProxy section */

/* Begin PBXFileReference section */
		ED12971E250706DA0016AE55 /* tip.app */ = {isa = PBXFileReference; explicitFileType = wrapper.application; includeInIndex = 0; path = tip.app; sourceTree = BUILT_PRODUCTS_DIR; };
		ED129721250706DA0016AE55 /* AppDelegate.swift */ = {isa = PBXFileReference; lastKnownFileType = sourcecode.swift; path = AppDelegate.swift; sourceTree = "<group>"; };
		ED129723250706DA0016AE55 /* SceneDelegate.swift */ = {isa = PBXFileReference; lastKnownFileType = sourcecode.swift; path = SceneDelegate.swift; sourceTree = "<group>"; };
		ED129725250706DA0016AE55 /* ViewController.swift */ = {isa = PBXFileReference; lastKnownFileType = sourcecode.swift; path = ViewController.swift; sourceTree = "<group>"; };
		ED129728250706DA0016AE55 /* Base */ = {isa = PBXFileReference; lastKnownFileType = file.storyboard; name = Base; path = Base.lproj/Main.storyboard; sourceTree = "<group>"; };
		ED12972A250706DC0016AE55 /* Assets.xcassets */ = {isa = PBXFileReference; lastKnownFileType = folder.assetcatalog; path = Assets.xcassets; sourceTree = "<group>"; };
		ED12972D250706DC0016AE55 /* Base */ = {isa = PBXFileReference; lastKnownFileType = file.storyboard; name = Base; path = Base.lproj/LaunchScreen.storyboard; sourceTree = "<group>"; };
		ED12972F250706DC0016AE55 /* Info.plist */ = {isa = PBXFileReference; lastKnownFileType = text.plist.xml; path = Info.plist; sourceTree = "<group>"; };
		ED129734250706DC0016AE55 /* tipTests.xctest */ = {isa = PBXFileReference; explicitFileType = wrapper.cfbundle; includeInIndex = 0; path = tipTests.xctest; sourceTree = BUILT_PRODUCTS_DIR; };
		ED129738250706DC0016AE55 /* tipTests.swift */ = {isa = PBXFileReference; lastKnownFileType = sourcecode.swift; path = tipTests.swift; sourceTree = "<group>"; };
		ED12973A250706DC0016AE55 /* Info.plist */ = {isa = PBXFileReference; lastKnownFileType = text.plist.xml; path = Info.plist; sourceTree = "<group>"; };
		ED12973F250706DC0016AE55 /* tipUITests.xctest */ = {isa = PBXFileReference; explicitFileType = wrapper.cfbundle; includeInIndex = 0; path = tipUITests.xctest; sourceTree = BUILT_PRODUCTS_DIR; };
		ED129743250706DC0016AE55 /* tipUITests.swift */ = {isa = PBXFileReference; lastKnownFileType = sourcecode.swift; path = tipUITests.swift; sourceTree = "<group>"; };
		ED129745250706DC0016AE55 /* Info.plist */ = {isa = PBXFileReference; lastKnownFileType = text.plist.xml; path = Info.plist; sourceTree = "<group>"; };
/* End PBXFileReference section */

/* Begin PBXFrameworksBuildPhase section */
		ED12971B250706DA0016AE55 /* Frameworks */ = {
			isa = PBXFrameworksBuildPhase;
			buildActionMask = 2147483647;
			files = (
			);
			runOnlyForDeploymentPostprocessing = 0;
		};
		ED129731250706DC0016AE55 /* Frameworks */ = {
			isa = PBXFrameworksBuildPhase;
			buildActionMask = 2147483647;
			files = (
			);
			runOnlyForDeploymentPostprocessing = 0;
		};
		ED12973C250706DC0016AE55 /* Frameworks */ = {
			isa = PBXFrameworksBuildPhase;
			buildActionMask = 2147483647;
			files = (
			);
			runOnlyForDeploymentPostprocessing = 0;
		};
/* End PBXFrameworksBuildPhase section */

/* Begin PBXGroup section */
		ED129715250706DA0016AE55 = {
			isa = PBXGroup;
			children = (
				ED129720250706DA0016AE55 /* tip */,
				ED129737250706DC0016AE55 /* tipTests */,
				ED129742250706DC0016AE55 /* tipUITests */,
				ED12971F250706DA0016AE55 /* Products */,
			);
			sourceTree = "<group>";
		};
		ED12971F250706DA0016AE55 /* Products */ = {
			isa = PBXGroup;
			children = (
				ED12971E250706DA0016AE55 /* tip.app */,
				ED129734250706DC0016AE55 /* tipTests.xctest */,
				ED12973F250706DC0016AE55 /* tipUITests.xctest */,
			);
			name = Products;
			sourceTree = "<group>";
		};
		ED129720250706DA0016AE55 /* tip */ = {
			isa = PBXGroup;
			children = (
				ED129721250706DA0016AE55 /* AppDelegate.swift */,
				ED129723250706DA0016AE55 /* SceneDelegate.swift */,
				ED129725250706DA0016AE55 /* ViewController.swift */,
				ED129727250706DA0016AE55 /* Main.storyboard */,
				ED12972A250706DC0016AE55 /* Assets.xcassets */,
				ED12972C250706DC0016AE55 /* LaunchScreen.storyboard */,
				ED12972F250706DC0016AE55 /* Info.plist */,
			);
			path = tip;
			sourceTree = "<group>";
		};
		ED129737250706DC0016AE55 /* tipTests */ = {
			isa = PBXGroup;
			children = (
				ED129738250706DC0016AE55 /* tipTests.swift */,
				ED12973A250706DC0016AE55 /* Info.plist */,
			);
			path = tipTests;
			sourceTree = "<group>";
		};
		ED129742250706DC0016AE55 /* tipUITests */ = {
			isa = PBXGroup;
			children = (
				ED129743250706DC0016AE55 /* tipUITests.swift */,
				ED129745250706DC0016AE55 /* Info.plist */,
			);
			path = tipUITests;
			sourceTree = "<group>";
		};
/* End PBXGroup section */

/* Begin PBXNativeTarget section */
		ED12971D250706DA0016AE55 /* tip */ = {
			isa = PBXNativeTarget;
			buildConfigurationList = ED129748250706DC0016AE55 /* Build configuration list for PBXNativeTarget "tip" */;
			buildPhases = (
				ED12971A250706DA0016AE55 /* Sources */,
				ED12971B250706DA0016AE55 /* Frameworks */,
				ED12971C250706DA0016AE55 /* Resources */,
			);
			buildRules = (
			);
			dependencies = (
			);
			name = tip;
			productName = tip;
			productReference = ED12971E250706DA0016AE55 /* tip.app */;
			productType = "com.apple.product-type.application";
		};
		ED129733250706DC0016AE55 /* tipTests */ = {
			isa = PBXNativeTarget;
			buildConfigurationList = ED12974B250706DC0016AE55 /* Build configuration list for PBXNativeTarget "tipTests" */;
			buildPhases = (
				ED129730250706DC0016AE55 /* Sources */,
				ED129731250706DC0016AE55 /* Frameworks */,
				ED129732250706DC0016AE55 /* Resources */,
			);
			buildRules = (
			);
			dependencies = (
				ED129736250706DC0016AE55 /* PBXTargetDependency */,
			);
			name = tipTests;
			productName = tipTests;
			productReference = ED129734250706DC0016AE55 /* tipTests.xctest */;
			productType = "com.apple.product-type.bundle.unit-test";
		};
		ED12973E250706DC0016AE55 /* tipUITests */ = {
			isa = PBXNativeTarget;
			buildConfigurationList = ED12974E250706DC0016AE55 /* Build configuration list for PBXNativeTarget "tipUITests" */;
			buildPhases = (
				ED12973B250706DC0016AE55 /* Sources */,
				ED12973C250706DC0016AE55 /* Frameworks */,
				ED12973D250706DC0016AE55 /* Resources */,
			);
			buildRules = (
			);
			dependencies = (
				ED129741250706DC0016AE55 /* PBXTargetDependency */,
			);
			name = tipUITests;
			productName = tipUITests;
			productReference = ED12973F250706DC0016AE55 /* tipUITests.xctest */;
			productType = "com.apple.product-type.bundle.ui-testing";
		};
/* End PBXNativeTarget section */

/* Begin PBXProject section */
		ED129716250706DA0016AE55 /* Project object */ = {
			isa = PBXProject;
			attributes = {
				LastSwiftUpdateCheck = 1170;
				LastUpgradeCheck = 1170;
				ORGANIZATIONNAME = Codepath;
				TargetAttributes = {
					ED12971D250706DA0016AE55 = {
						CreatedOnToolsVersion = 11.7;
					};
					ED129733250706DC0016AE55 = {
						CreatedOnToolsVersion = 11.7;
						TestTargetID = ED12971D250706DA0016AE55;
					};
					ED12973E250706DC0016AE55 = {
						CreatedOnToolsVersion = 11.7;
						TestTargetID = ED12971D250706DA0016AE55;
					};
				};
			};
			buildConfigurationList = ED129719250706DA0016AE55 /* Build configuration list for PBXProject "tip" */;
			compatibilityVersion = "Xcode 9.3";
			developmentRegion = en;
			hasScannedForEncodings = 0;
			knownRegions = (
				en,
				Base,
			);
			mainGroup = ED129715250706DA0016AE55;
			productRefGroup = ED12971F250706DA0016AE55 /* Products */;
			projectDirPath = "";
			projectRoot = "";
			targets = (
				ED12971D250706DA0016AE55 /* tip */,
				ED129733250706DC0016AE55 /* tipTests */,
				ED12973E250706DC0016AE55 /* tipUITests */,
			);
		};
/* End PBXProject section */

/* Begin PBXResourcesBuildPhase section */
		ED12971C250706DA0016AE55 /* Resources */ = {
			isa = PBXResourcesBuildPhase;
			buildActionMask = 2147483647;
			files = (
				ED12972E250706DC0016AE55 /* LaunchScreen.storyboard in Resources */,
				ED12972B250706DC0016AE55 /* Assets.xcassets in Resources */,
				ED129729250706DA0016AE55 /* Main.storyboard in Resources */,
			);
			runOnlyForDeploymentPostprocessing = 0;
		};
		ED129732250706DC0016AE55 /* Resources */ = {
			isa = PBXResourcesBuildPhase;
			buildActionMask = 2147483647;
			files = (
			);
			runOnlyForDeploymentPostprocessing = 0;
		};
		ED12973D250706DC0016AE55 /* Resources */ = {
			isa = PBXResourcesBuildPhase;
			buildActionMask = 2147483647;
			files = (
			);
			runOnlyForDeploymentPostprocessing = 0;
		};
/* End PBXResourcesBuildPhase section */

/* Begin PBXSourcesBuildPhase section */
		ED12971A250706DA0016AE55 /* Sources */ = {
			isa = PBXSourcesBuildPhase;
			buildActionMask = 2147483647;
			files = (
				ED129726250706DA0016AE55 /* ViewController.swift in Sources */,
				ED129722250706DA0016AE55 /* AppDelegate.swift in Sources */,
				ED129724250706DA0016AE55 /* SceneDelegate.swift in Sources */,
			);
			runOnlyForDeploymentPostprocessing = 0;
		};
		ED129730250706DC0016AE55 /* Sources */ = {
			isa = PBXSourcesBuildPhase;
			buildActionMask = 2147483647;
			files = (
				ED129739250706DC0016AE55 /* tipTests.swift in Sources */,
			);
			runOnlyForDeploymentPostprocessing = 0;
		};
		ED12973B250706DC0016AE55 /* Sources */ = {
			isa = PBXSourcesBuildPhase;
			buildActionMask = 2147483647;
			files = (
				ED129744250706DC0016AE55 /* tipUITests.swift in Sources */,
			);
			runOnlyForDeploymentPostprocessing = 0;
		};
/* End PBXSourcesBuildPhase section */

/* Begin PBXTargetDependency section */
		ED129736250706DC0016AE55 /* PBXTargetDependency */ = {
			isa = PBXTargetDependency;
			target = ED12971D250706DA0016AE55 /* tip */;
			targetProxy = ED129735250706DC0016AE55 /* PBXContainerItemProxy */;
		};
		ED129741250706DC0016AE55 /* PBXTargetDependency */ = {
			isa = PBXTargetDependency;
			target = ED12971D250706DA0016AE55 /* tip */;
			targetProxy = ED129740250706DC0016AE55 /* PBXContainerItemProxy */;
		};
/* End PBXTargetDependency section */

/* Begin PBXVariantGroup section */
		ED129727250706DA0016AE55 /* Main.storyboard */ = {
			isa = PBXVariantGroup;
			children = (
				ED129728250706DA0016AE55 /* Base */,
			);
			name = Main.storyboard;
			sourceTree = "<group>";
		};
		ED12972C250706DC0016AE55 /* LaunchScreen.storyboard */ = {
			isa = PBXVariantGroup;
			children = (
				ED12972D250706DC0016AE55 /* Base */,
			);
			name = LaunchScreen.storyboard;
			sourceTree = "<group>";
		};
/* End PBXVariantGroup section */

/* Begin XCBuildConfiguration section */
		ED129746250706DC0016AE55 /* Debug */ = {
			isa = XCBuildConfiguration;
			buildSettings = {
				ALWAYS_SEARCH_USER_PATHS = NO;
				CLANG_ANALYZER_NONNULL = YES;
				CLANG_ANALYZER_NUMBER_OBJECT_CONVERSION = YES_AGGRESSIVE;
				CLANG_CXX_LANGUAGE_STANDARD = "gnu++14";
				CLANG_CXX_LIBRARY = "libc++";
				CLANG_ENABLE_MODULES = YES;
				CLANG_ENABLE_OBJC_ARC = YES;
				CLANG_ENABLE_OBJC_WEAK = YES;
				CLANG_WARN_BLOCK_CAPTURE_AUTORELEASING = YES;
				CLANG_WARN_BOOL_CONVERSION = YES;
				CLANG_WARN_COMMA = YES;
				CLANG_WARN_CONSTANT_CONVERSION = YES;
				CLANG_WARN_DEPRECATED_OBJC_IMPLEMENTATIONS = YES;
				CLANG_WARN_DIRECT_OBJC_ISA_USAGE = YES_ERROR;
				CLANG_WARN_DOCUMENTATION_COMMENTS = YES;
				CLANG_WARN_EMPTY_BODY = YES;
				CLANG_WARN_ENUM_CONVERSION = YES;
				CLANG_WARN_INFINITE_RECURSION = YES;
				CLANG_WARN_INT_CONVERSION = YES;
				CLANG_WARN_NON_LITERAL_NULL_CONVERSION = YES;
				CLANG_WARN_OBJC_IMPLICIT_RETAIN_SELF = YES;
				CLANG_WARN_OBJC_LITERAL_CONVERSION = YES;
				CLANG_WARN_OBJC_ROOT_CLASS = YES_ERROR;
				CLANG_WARN_RANGE_LOOP_ANALYSIS = YES;
				CLANG_WARN_STRICT_PROTOTYPES = YES;
				CLANG_WARN_SUSPICIOUS_MOVE = YES;
				CLANG_WARN_UNGUARDED_AVAILABILITY = YES_AGGRESSIVE;
				CLANG_WARN_UNREACHABLE_CODE = YES;
				CLANG_WARN__DUPLICATE_METHOD_MATCH = YES;
				COPY_PHASE_STRIP = NO;
				DEBUG_INFORMATION_FORMAT = dwarf;
				ENABLE_STRICT_OBJC_MSGSEND = YES;
				ENABLE_TESTABILITY = YES;
				GCC_C_LANGUAGE_STANDARD = gnu11;
				GCC_DYNAMIC_NO_PIC = NO;
				GCC_NO_COMMON_BLOCKS = YES;
				GCC_OPTIMIZATION_LEVEL = 0;
				GCC_PREPROCESSOR_DEFINITIONS = (
					"DEBUG=1",
					"$(inherited)",
				);
				GCC_WARN_64_TO_32_BIT_CONVERSION = YES;
				GCC_WARN_ABOUT_RETURN_TYPE = YES_ERROR;
				GCC_WARN_UNDECLARED_SELECTOR = YES;
				GCC_WARN_UNINITIALIZED_AUTOS = YES_AGGRESSIVE;
				GCC_WARN_UNUSED_FUNCTION = YES;
				GCC_WARN_UNUSED_VARIABLE = YES;
				IPHONEOS_DEPLOYMENT_TARGET = 13.7;
				MTL_ENABLE_DEBUG_INFO = INCLUDE_SOURCE;
				MTL_FAST_MATH = YES;
				ONLY_ACTIVE_ARCH = YES;
				SDKROOT = iphoneos;
				SWIFT_ACTIVE_COMPILATION_CONDITIONS = DEBUG;
				SWIFT_OPTIMIZATION_LEVEL = "-Onone";
			};
			name = Debug;
		};
		ED129747250706DC0016AE55 /* Release */ = {
			isa = XCBuildConfiguration;
			buildSettings = {
				ALWAYS_SEARCH_USER_PATHS = NO;
				CLANG_ANALYZER_NONNULL = YES;
				CLANG_ANALYZER_NUMBER_OBJECT_CONVERSION = YES_AGGRESSIVE;
				CLANG_CXX_LANGUAGE_STANDARD = "gnu++14";
				CLANG_CXX_LIBRARY = "libc++";
				CLANG_ENABLE_MODULES = YES;
				CLANG_ENABLE_OBJC_ARC = YES;
				CLANG_ENABLE_OBJC_WEAK = YES;
				CLANG_WARN_BLOCK_CAPTURE_AUTORELEASING = YES;
				CLANG_WARN_BOOL_CONVERSION = YES;
				CLANG_WARN_COMMA = YES;
				CLANG_WARN_CONSTANT_CONVERSION = YES;
				CLANG_WARN_DEPRECATED_OBJC_IMPLEMENTATIONS = YES;
				CLANG_WARN_DIRECT_OBJC_ISA_USAGE = YES_ERROR;
				CLANG_WARN_DOCUMENTATION_COMMENTS = YES;
				CLANG_WARN_EMPTY_BODY = YES;
				CLANG_WARN_ENUM_CONVERSION = YES;
				CLANG_WARN_INFINITE_RECURSION = YES;
				CLANG_WARN_INT_CONVERSION = YES;
				CLANG_WARN_NON_LITERAL_NULL_CONVERSION = YES;
				CLANG_WARN_OBJC_IMPLICIT_RETAIN_SELF = YES;
				CLANG_WARN_OBJC_LITERAL_CONVERSION = YES;
				CLANG_WARN_OBJC_ROOT_CLASS = YES_ERROR;
				CLANG_WARN_RANGE_LOOP_ANALYSIS = YES;
				CLANG_WARN_STRICT_PROTOTYPES = YES;
				CLANG_WARN_SUSPICIOUS_MOVE = YES;
				CLANG_WARN_UNGUARDED_AVAILABILITY = YES_AGGRESSIVE;
				CLANG_WARN_UNREACHABLE_CODE = YES;
				CLANG_WARN__DUPLICATE_METHOD_MATCH = YES;
				COPY_PHASE_STRIP = NO;
				DEBUG_INFORMATION_FORMAT = "dwarf-with-dsym";
				ENABLE_NS_ASSERTIONS = NO;
				ENABLE_STRICT_OBJC_MSGSEND = YES;
				GCC_C_LANGUAGE_STANDARD = gnu11;
				GCC_NO_COMMON_BLOCKS = YES;
				GCC_WARN_64_TO_32_BIT_CONVERSION = YES;
				GCC_WARN_ABOUT_RETURN_TYPE = YES_ERROR;
				GCC_WARN_UNDECLARED_SELECTOR = YES;
				GCC_WARN_UNINITIALIZED_AUTOS = YES_AGGRESSIVE;
				GCC_WARN_UNUSED_FUNCTION = YES;
				GCC_WARN_UNUSED_VARIABLE = YES;
				IPHONEOS_DEPLOYMENT_TARGET = 13.7;
				MTL_ENABLE_DEBUG_INFO = NO;
				MTL_FAST_MATH = YES;
				SDKROOT = iphoneos;
				SWIFT_COMPILATION_MODE = wholemodule;
				SWIFT_OPTIMIZATION_LEVEL = "-O";
				VALIDATE_PRODUCT = YES;
			};
			name = Release;
		};
		ED129749250706DC0016AE55 /* Debug */ = {
			isa = XCBuildConfiguration;
			buildSettings = {
				ASSETCATALOG_COMPILER_APPICON_NAME = AppIcon;
				CODE_SIGN_STYLE = Automatic;
				INFOPLIST_FILE = tip/Info.plist;
				LD_RUNPATH_SEARCH_PATHS = (
					"$(inherited)",
					"@executable_path/Frameworks",
				);
				PRODUCT_BUNDLE_IDENTIFIER = Codepath.tip;
				PRODUCT_NAME = "$(TARGET_NAME)";
				SWIFT_VERSION = 5.0;
				TARGETED_DEVICE_FAMILY = "1,2";
			};
			name = Debug;
		};
		ED12974A250706DC0016AE55 /* Release */ = {
			isa = XCBuildConfiguration;
			buildSettings = {
				ASSETCATALOG_COMPILER_APPICON_NAME = AppIcon;
				CODE_SIGN_STYLE = Automatic;
				INFOPLIST_FILE = tip/Info.plist;
				LD_RUNPATH_SEARCH_PATHS = (
					"$(inherited)",
					"@executable_path/Frameworks",
				);
				PRODUCT_BUNDLE_IDENTIFIER = Codepath.tip;
				PRODUCT_NAME = "$(TARGET_NAME)";
				SWIFT_VERSION = 5.0;
				TARGETED_DEVICE_FAMILY = "1,2";
			};
			name = Release;
		};
		ED12974C250706DC0016AE55 /* Debug */ = {
			isa = XCBuildConfiguration;
			buildSettings = {
				ALWAYS_EMBED_SWIFT_STANDARD_LIBRARIES = YES;
				BUNDLE_LOADER = "$(TEST_HOST)";
				CODE_SIGN_STYLE = Automatic;
				INFOPLIST_FILE = tipTests/Info.plist;
				IPHONEOS_DEPLOYMENT_TARGET = 13.7;
				LD_RUNPATH_SEARCH_PATHS = (
					"$(inherited)",
					"@executable_path/Frameworks",
					"@loader_path/Frameworks",
				);
				PRODUCT_BUNDLE_IDENTIFIER = Codepath.tipTests;
				PRODUCT_NAME = "$(TARGET_NAME)";
				SWIFT_VERSION = 5.0;
				TARGETED_DEVICE_FAMILY = "1,2";
				TEST_HOST = "$(BUILT_PRODUCTS_DIR)/tip.app/tip";
			};
			name = Debug;
		};
		ED12974D250706DC0016AE55 /* Release */ = {
			isa = XCBuildConfiguration;
			buildSettings = {
				ALWAYS_EMBED_SWIFT_STANDARD_LIBRARIES = YES;
				BUNDLE_LOADER = "$(TEST_HOST)";
				CODE_SIGN_STYLE = Automatic;
				INFOPLIST_FILE = tipTests/Info.plist;
				IPHONEOS_DEPLOYMENT_TARGET = 13.7;
				LD_RUNPATH_SEARCH_PATHS = (
					"$(inherited)",
					"@executable_path/Frameworks",
					"@loader_path/Frameworks",
				);
				PRODUCT_BUNDLE_IDENTIFIER = Codepath.tipTests;
				PRODUCT_NAME = "$(TARGET_NAME)";
				SWIFT_VERSION = 5.0;
				TARGETED_DEVICE_FAMILY = "1,2";
				TEST_HOST = "$(BUILT_PRODUCTS_DIR)/tip.app/tip";
			};
			name = Release;
		};
		ED12974F250706DC0016AE55 /* Debug */ = {
			isa = XCBuildConfiguration;
			buildSettings = {
				ALWAYS_EMBED_SWIFT_STANDARD_LIBRARIES = YES;
				CODE_SIGN_STYLE = Automatic;
				INFOPLIST_FILE = tipUITests/Info.plist;
				LD_RUNPATH_SEARCH_PATHS = (
					"$(inherited)",
					"@executable_path/Frameworks",
					"@loader_path/Frameworks",
				);
				PRODUCT_BUNDLE_IDENTIFIER = Codepath.tipUITests;
				PRODUCT_NAME = "$(TARGET_NAME)";
				SWIFT_VERSION = 5.0;
				TARGETED_DEVICE_FAMILY = "1,2";
				TEST_TARGET_NAME = tip;
			};
			name = Debug;
		};
		ED129750250706DC0016AE55 /* Release */ = {
			isa = XCBuildConfiguration;
			buildSettings = {
				ALWAYS_EMBED_SWIFT_STANDARD_LIBRARIES = YES;
				CODE_SIGN_STYLE = Automatic;
				INFOPLIST_FILE = tipUITests/Info.plist;
				LD_RUNPATH_SEARCH_PATHS = (
					"$(inherited)",
					"@executable_path/Frameworks",
					"@loader_path/Frameworks",
				);
				PRODUCT_BUNDLE_IDENTIFIER = Codepath.tipUITests;
				PRODUCT_NAME = "$(TARGET_NAME)";
				SWIFT_VERSION = 5.0;
				TARGETED_DEVICE_FAMILY = "1,2";
				TEST_TARGET_NAME = tip;
			};
			name = Release;
		};
/* End XCBuildConfiguration section */

/* Begin XCConfigurationList section */
		ED129719250706DA0016AE55 /* Build configuration list for PBXProject "tip" */ = {
			isa = XCConfigurationList;
			buildConfigurations = (
				ED129746250706DC0016AE55 /* Debug */,
				ED129747250706DC0016AE55 /* Release */,
			);
			defaultConfigurationIsVisible = 0;
			defaultConfigurationName = Release;
		};
		ED129748250706DC0016AE55 /* Build configuration list for PBXNativeTarget "tip" */ = {
			isa = XCConfigurationList;
			buildConfigurations = (
				ED129749250706DC0016AE55 /* Debug */,
				ED12974A250706DC0016AE55 /* Release */,
			);
			defaultConfigurationIsVisible = 0;
			defaultConfigurationName = Release;
		};
		ED12974B250706DC0016AE55 /* Build configuration list for PBXNativeTarget "tipTests" */ = {
			isa = XCConfigurationList;
			buildConfigurations = (
				ED12974C250706DC0016AE55 /* Debug */,
				ED12974D250706DC0016AE55 /* Release */,
			);
			defaultConfigurationIsVisible = 0;
			defaultConfigurationName = Release;
		};
		ED12974E250706DC0016AE55 /* Build configuration list for PBXNativeTarget "tipUITests" */ = {
			isa = XCConfigurationList;
			buildConfigurations = (
				ED12974F250706DC0016AE55 /* Debug */,
				ED129750250706DC0016AE55 /* Release */,
			);
			defaultConfigurationIsVisible = 0;
			defaultConfigurationName = Release;
		};
/* End XCConfigurationList section */
	};
	rootObject = ED129716250706DA0016AE55 /* Project object */;
}
